
Microsoft Visual Studio Solution File, Format Version 12.00
# Visual Studio Version 16
VisualStudioVersion = 16.0.31112.23
MinimumVisualStudioVersion = 10.0.40219.1
Project("{FAE04EC0-301F-11D3-BF4B-00C04F79EFBC}") = "StringEncrypt", "StringEncrypt.csproj", "{240403CE-5AC3-4AC9-84D1-D6085BD6F52D}"
EndProject
Global
	GlobalSection(SolutionConfigurationPlatforms) = preSolution
		Debug|Any CPU = Debug|Any CPU
		Release|Any CPU = Release|Any CPU
	EndGlobalSection
	GlobalSection(ProjectConfigurationPlatforms) = postSolution
		{240403CE-5AC3-4AC9-84D1-D6085BD6F52D}.Debug|Any CPU.ActiveCfg = Debug|Any CPU
		{240403CE-5AC3-4AC9-84D1-D6085BD6F52D}.Debug|Any CPU.Build.0 = Debug|Any CPU
		{240403CE-5AC3-4AC9-84D1-D6085BD6F52D}.Release|Any CPU.ActiveCfg = Release|Any CPU
		{240403CE-5AC3-4AC9-84D1-D6085BD6F52D}.Release|Any CPU.Build.0 = Release|Any CPU
	EndGlobalSection
	GlobalSection(SolutionProperties) = preSolution
		HideSolutionNode = FALSE
	EndGlobalSection
	GlobalSection(ExtensibilityGlobals) = postSolution
		SolutionGuid = {C09D329B-74AB-4D74-AEC8-D4C913BEB8E4}
	EndGlobalSection
EndGlobal
